
Microsoft Visual Studio Solution File, Format Version 12.00
# Visual Studio Version 17
VisualStudioVersion = 17.13.35828.75 d17.13
MinimumVisualStudioVersion = 10.0.40219.1
Project("{FAE04EC0-301F-11D3-BF4B-00C04F79EFBC}") = "WebAPIsLabs", "WebAPIsLabs\WebAPIsLabs.csproj", "{9FB05554-BC3F-4524-B705-DBB645BBB22F}"
EndProject
Global
	GlobalSection(SolutionConfigurationPlatforms) = preSolution
		Debug|Any CPU = Debug|Any CPU
		Release|Any CPU = Release|Any CPU
	EndGlobalSection
	GlobalSection(ProjectConfigurationPlatforms) = postSolution
		{9FB05554-BC3F-4524-B705-DBB645BBB22F}.Debug|Any CPU.ActiveCfg = Debug|Any CPU
		{9FB05554-BC3F-4524-B705-DBB645BBB22F}.Debug|Any CPU.Build.0 = Debug|Any CPU
		{9FB05554-BC3F-4524-B705-DBB645BBB22F}.Release|Any CPU.ActiveCfg = Release|Any CPU
		{9FB05554-BC3F-4524-B705-DBB645BBB22F}.Release|Any CPU.Build.0 = Release|Any CPU
	EndGlobalSection
	GlobalSection(SolutionProperties) = preSolution
		HideSolutionNode = FALSE
	EndGlobalSection
	GlobalSection(ExtensibilityGlobals) = postSolution
		SolutionGuid = {55F23451-C503-4498-810E-2B2E8ACFA954}
	EndGlobalSection
EndGlobal
